// !$*UTF8*$!
{
	archiveVersion = 1;
	classes = {
	};
	objectVersion = 46;
	objects = {

/* Begin PBXBuildFile section */
		6BF22BB51B24C66B0017CA02 /* main.m in Sources */ = {isa = PBXBuildFile; fileRef = 6BF22BB41B24C66B0017CA02 /* main.m */; };
		6BF22BB81B24C66B0017CA02 /* AppDelegate.m in Sources */ = {isa = PBXBuildFile; fileRef = 6BF22BB71B24C66B0017CA02 /* AppDelegate.m */; };
		6BF22BBB1B24C66B0017CA02 /* ViewController.m in Sources */ = {isa = PBXBuildFile; fileRef = 6BF22BBA1B24C66B0017CA02 /* ViewController.m */; };
		6BF22BBE1B24C66B0017CA02 /* Main.storyboard in Resources */ = {isa = PBXBuildFile; fileRef = 6BF22BBC1B24C66B0017CA02 /* Main.storyboard */; };
		6BF22BC01B24C66B0017CA02 /* Images.xcassets in Resources */ = {isa = PBXBuildFile; fileRef = 6BF22BBF1B24C66B0017CA02 /* Images.xcassets */; };
		6BF22BC31B24C66B0017CA02 /* LaunchScreen.xib in Resources */ = {isa = PBXBuildFile; fileRef = 6BF22BC11B24C66B0017CA02 /* LaunchScreen.xib */; };
		6BF22BCF1B24C66B0017CA02 /* MadLibTests.m in Sources */ = {isa = PBXBuildFile; fileRef = 6BF22BCE1B24C66B0017CA02 /* MadLibTests.m */; };
/* End PBXBuildFile section */

/* Begin PBXContainerItemProxy section */
		6BF22BC91B24C66B0017CA02 /* PBXContainerItemProxy */ = {
			isa = PBXContainerItemProxy;
			containerPortal = 6BF22BA71B24C66B0017CA02 /* Project object */;
			proxyType = 1;
			remoteGlobalIDString = 6BF22BAE1B24C66B0017CA02;
			remoteInfo = MadLib;
		};
/* End PBXContainerItemProxy section */

/* Begin PBXFileReference section */
		6BF22BAF1B24C66B0017CA02 /* MadLib.app */ = {isa = PBXFileReference; explicitFileType = wrapper.application; includeInIndex = 0; path = MadLib.app; sourceTree = BUILT_PRODUCTS_DIR; };
		6BF22BB31B24C66B0017CA02 /* Info.plist */ = {isa = PBXFileReference; lastKnownFileType = text.plist.xml; path = Info.plist; sourceTree = "<group>"; };
		6BF22BB41B24C66B0017CA02 /* main.m */ = {isa = PBXFileReference; lastKnownFileType = sourcecode.c.objc; path = main.m; sourceTree = "<group>"; };
		6BF22BB61B24C66B0017CA02 /* AppDelegate.h */ = {isa = PBXFileReference; lastKnownFileType = sourcecode.c.h; path = AppDelegate.h; sourceTree = "<group>"; };
		6BF22BB71B24C66B0017CA02 /* AppDelegate.m */ = {isa = PBXFileReference; lastKnownFileType = sourcecode.c.objc; path = AppDelegate.m; sourceTree = "<group>"; };
		6BF22BB91B24C66B0017CA02 /* ViewController.h */ = {isa = PBXFileReference; lastKnownFileType = sourcecode.c.h; path = ViewController.h; sourceTree = "<group>"; };
		6BF22BBA1B24C66B0017CA02 /* ViewController.m */ = {isa = PBXFileReference; lastKnownFileType = sourcecode.c.objc; path = ViewController.m; sourceTree = "<group>"; };
		6BF22BBD1B24C66B0017CA02 /* Base */ = {isa = PBXFileReference; lastKnownFileType = file.storyboard; name = Base; path = Base.lproj/Main.storyboard; sourceTree = "<group>"; };
		6BF22BBF1B24C66B0017CA02 /* Images.xcassets */ = {isa = PBXFileReference; lastKnownFileType = folder.assetcatalog; path = Images.xcassets; sourceTree = "<group>"; };
		6BF22BC21B24C66B0017CA02 /* Base */ = {isa = PBXFileReference; lastKnownFileType = file.xib; name = Base; path = Base.lproj/LaunchScreen.xib; sourceTree = "<group>"; };
		6BF22BC81B24C66B0017CA02 /* MadLibTests.xctest */ = {isa = PBXFileReference; explicitFileType = wrapper.cfbundle; includeInIndex = 0; path = MadLibTests.xctest; sourceTree = BUILT_PRODUCTS_DIR; };
		6BF22BCD1B24C66B0017CA02 /* Info.plist */ = {isa = PBXFileReference; lastKnownFileType = text.plist.xml; path = Info.plist; sourceTree = "<group>"; };
		6BF22BCE1B24C66B0017CA02 /* MadLibTests.m */ = {isa = PBXFileReference; lastKnownFileType = sourcecode.c.objc; path = MadLibTests.m; sourceTree = "<group>"; };
/* End PBXFileReference section */

/* Begin PBXFrameworksBuildPhase section */
		6BF22BAC1B24C66B0017CA02 /* Frameworks */ = {
			isa = PBXFrameworksBuildPhase;
			buildActionMask = 2147483647;
			files = (
			);
			runOnlyForDeploymentPostprocessing = 0;
		};
		6BF22BC51B24C66B0017CA02 /* Frameworks */ = {
			isa = PBXFrameworksBuildPhase;
			buildActionMask = 2147483647;
			files = (
			);
			runOnlyForDeploymentPostprocessing = 0;
		};
/* End PBXFrameworksBuildPhase section */

/* Begin PBXGroup section */
		6BF22BA61B24C66B0017CA02 = {
			isa = PBXGroup;
			children = (
				6BF22BB11B24C66B0017CA02 /* MadLib */,
				6BF22BCB1B24C66B0017CA02 /* MadLibTests */,
				6BF22BB01B24C66B0017CA02 /* Products */,
			);
			sourceTree = "<group>";
		};
		6BF22BB01B24C66B0017CA02 /* Products */ = {
			isa = PBXGroup;
			children = (
				6BF22BAF1B24C66B0017CA02 /* MadLib.app */,
				6BF22BC81B24C66B0017CA02 /* MadLibTests.xctest */,
			);
			name = Products;
			sourceTree = "<group>";
		};
		6BF22BB11B24C66B0017CA02 /* MadLib */ = {
			isa = PBXGroup;
			children = (
				6BF22BB61B24C66B0017CA02 /* AppDelegate.h */,
				6BF22BB71B24C66B0017CA02 /* AppDelegate.m */,
				6BF22BB91B24C66B0017CA02 /* ViewController.h */,
				6BF22BBA1B24C66B0017CA02 /* ViewController.m */,
				6BF22BBC1B24C66B0017CA02 /* Main.storyboard */,
				6BF22BBF1B24C66B0017CA02 /* Images.xcassets */,
				6BF22BC11B24C66B0017CA02 /* LaunchScreen.xib */,
				6BF22BB21B24C66B0017CA02 /* Supporting Files */,
			);
			path = MadLib;
			sourceTree = "<group>";
		};
		6BF22BB21B24C66B0017CA02 /* Supporting Files */ = {
			isa = PBXGroup;
			children = (
				6BF22BB31B24C66B0017CA02 /* Info.plist */,
				6BF22BB41B24C66B0017CA02 /* main.m */,
			);
			name = "Supporting Files";
			sourceTree = "<group>";
		};
		6BF22BCB1B24C66B0017CA02 /* MadLibTests */ = {
			isa = PBXGroup;
			children = (
				6BF22BCE1B24C66B0017CA02 /* MadLibTests.m */,
				6BF22BCC1B24C66B0017CA02 /* Supporting Files */,
			);
			path = MadLibTests;
			sourceTree = "<group>";
		};
		6BF22BCC1B24C66B0017CA02 /* Supporting Files */ = {
			isa = PBXGroup;
			children = (
				6BF22BCD1B24C66B0017CA02 /* Info.plist */,
			);
			name = "Supporting Files";
			sourceTree = "<group>";
		};
/* End PBXGroup section */

/* Begin PBXNativeTarget section */
		6BF22BAE1B24C66B0017CA02 /* MadLib */ = {
			isa = PBXNativeTarget;
			buildConfigurationList = 6BF22BD21B24C66B0017CA02 /* Build configuration list for PBXNativeTarget "MadLib" */;
			buildPhases = (
				6BF22BAB1B24C66B0017CA02 /* Sources */,
				6BF22BAC1B24C66B0017CA02 /* Frameworks */,
				6BF22BAD1B24C66B0017CA02 /* Resources */,
			);
			buildRules = (
			);
			dependencies = (
			);
			name = MadLib;
			productName = MadLib;
			productReference = 6BF22BAF1B24C66B0017CA02 /* MadLib.app */;
			productType = "com.apple.product-type.application";
		};
		6BF22BC71B24C66B0017CA02 /* MadLibTests */ = {
			isa = PBXNativeTarget;
			buildConfigurationList = 6BF22BD51B24C66B0017CA02 /* Build configuration list for PBXNativeTarget "MadLibTests" */;
			buildPhases = (
				6BF22BC41B24C66B0017CA02 /* Sources */,
				6BF22BC51B24C66B0017CA02 /* Frameworks */,
				6BF22BC61B24C66B0017CA02 /* Resources */,
			);
			buildRules = (
			);
			dependencies = (
				6BF22BCA1B24C66B0017CA02 /* PBXTargetDependency */,
			);
			name = MadLibTests;
			productName = MadLibTests;
			productReference = 6BF22BC81B24C66B0017CA02 /* MadLibTests.xctest */;
			productType = "com.apple.product-type.bundle.unit-test";
		};
/* End PBXNativeTarget section */

/* Begin PBXProject section */
		6BF22BA71B24C66B0017CA02 /* Project object */ = {
			isa = PBXProject;
			attributes = {
				LastUpgradeCheck = 0630;
				ORGANIZATIONNAME = "Justine Gartner";
				TargetAttributes = {
					6BF22BAE1B24C66B0017CA02 = {
						CreatedOnToolsVersion = 6.3.2;
					};
					6BF22BC71B24C66B0017CA02 = {
						CreatedOnToolsVersion = 6.3.2;
						TestTargetID = 6BF22BAE1B24C66B0017CA02;
					};
				};
			};
			buildConfigurationList = 6BF22BAA1B24C66B0017CA02 /* Build configuration list for PBXProject "MadLib" */;
			compatibilityVersion = "Xcode 3.2";
			developmentRegion = English;
			hasScannedForEncodings = 0;
			knownRegions = (
				en,
				Base,
			);
			mainGroup = 6BF22BA61B24C66B0017CA02;
			productRefGroup = 6BF22BB01B24C66B0017CA02 /* Products */;
			projectDirPath = "";
			projectRoot = "";
			targets = (
				6BF22BAE1B24C66B0017CA02 /* MadLib */,
				6BF22BC71B24C66B0017CA02 /* MadLibTests */,
			);
		};
/* End PBXProject section */

/* Begin PBXResourcesBuildPhase section */
		6BF22BAD1B24C66B0017CA02 /* Resources */ = {
			isa = PBXResourcesBuildPhase;
			buildActionMask = 2147483647;
			files = (
				6BF22BBE1B24C66B0017CA02 /* Main.storyboard in Resources */,
				6BF22BC31B24C66B0017CA02 /* LaunchScreen.xib in Resources */,
				6BF22BC01B24C66B0017CA02 /* Images.xcassets in Resources */,
			);
			runOnlyForDeploymentPostprocessing = 0;
		};
		6BF22BC61B24C66B0017CA02 /* Resources */ = {
			isa = PBXResourcesBuildPhase;
			buildActionMask = 2147483647;
			files = (
			);
			runOnlyForDeploymentPostprocessing = 0;
		};
/* End PBXResourcesBuildPhase section */

/* Begin PBXSourcesBuildPhase section */
		6BF22BAB1B24C66B0017CA02 /* Sources */ = {
			isa = PBXSourcesBuildPhase;
			buildActionMask = 2147483647;
			files = (
				6BF22BBB1B24C66B0017CA02 /* ViewController.m in Sources */,
				6BF22BB81B24C66B0017CA02 /* AppDelegate.m in Sources */,
				6BF22BB51B24C66B0017CA02 /* main.m in Sources */,
			);
			runOnlyForDeploymentPostprocessing = 0;
		};
		6BF22BC41B24C66B0017CA02 /* Sources */ = {
			isa = PBXSourcesBuildPhase;
			buildActionMask = 2147483647;
			files = (
				6BF22BCF1B24C66B0017CA02 /* MadLibTests.m in Sources */,
			);
			runOnlyForDeploymentPostprocessing = 0;
		};
/* End PBXSourcesBuildPhase section */

/* Begin PBXTargetDependency section */
		6BF22BCA1B24C66B0017CA02 /* PBXTargetDependency */ = {
			isa = PBXTargetDependency;
			target = 6BF22BAE1B24C66B0017CA02 /* MadLib */;
			targetProxy = 6BF22BC91B24C66B0017CA02 /* PBXContainerItemProxy */;
		};
/* End PBXTargetDependency section */

/* Begin PBXVariantGroup section */
		6BF22BBC1B24C66B0017CA02 /* Main.storyboard */ = {
			isa = PBXVariantGroup;
			children = (
				6BF22BBD1B24C66B0017CA02 /* Base */,
			);
			name = Main.storyboard;
			sourceTree = "<group>";
		};
		6BF22BC11B24C66B0017CA02 /* LaunchScreen.xib */ = {
			isa = PBXVariantGroup;
			children = (
				6BF22BC21B24C66B0017CA02 /* Base */,
			);
			name = LaunchScreen.xib;
			sourceTree = "<group>";
		};
/* End PBXVariantGroup section */

/* Begin XCBuildConfiguration section */
		6BF22BD01B24C66B0017CA02 /* Debug */ = {
			isa = XCBuildConfiguration;
			buildSettings = {
				ALWAYS_SEARCH_USER_PATHS = NO;
				CLANG_CXX_LANGUAGE_STANDARD = "gnu++0x";
				CLANG_CXX_LIBRARY = "libc++";
				CLANG_ENABLE_MODULES = YES;
				CLANG_ENABLE_OBJC_ARC = YES;
				CLANG_WARN_BOOL_CONVERSION = YES;
				CLANG_WARN_CONSTANT_CONVERSION = YES;
				CLANG_WARN_DIRECT_OBJC_ISA_USAGE = YES_ERROR;
				CLANG_WARN_EMPTY_BODY = YES;
				CLANG_WARN_ENUM_CONVERSION = YES;
				CLANG_WARN_INT_CONVERSION = YES;
				CLANG_WARN_OBJC_ROOT_CLASS = YES_ERROR;
				CLANG_WARN_UNREACHABLE_CODE = YES;
				CLANG_WARN__DUPLICATE_METHOD_MATCH = YES;
				"CODE_SIGN_IDENTITY[sdk=iphoneos*]" = "iPhone Developer";
				COPY_PHASE_STRIP = NO;
				DEBUG_INFORMATION_FORMAT = "dwarf-with-dsym";
				ENABLE_STRICT_OBJC_MSGSEND = YES;
				GCC_C_LANGUAGE_STANDARD = gnu99;
				GCC_DYNAMIC_NO_PIC = NO;
				GCC_NO_COMMON_BLOCKS = YES;
				GCC_OPTIMIZATION_LEVEL = 0;
				GCC_PREPROCESSOR_DEFINITIONS = (
					"DEBUG=1",
					"$(inherited)",
				);
				GCC_SYMBOLS_PRIVATE_EXTERN = NO;
				GCC_WARN_64_TO_32_BIT_CONVERSION = YES;
				GCC_WARN_ABOUT_RETURN_TYPE = YES_ERROR;
				GCC_WARN_UNDECLARED_SELECTOR = YES;
				GCC_WARN_UNINITIALIZED_AUTOS = YES_AGGRESSIVE;
				GCC_WARN_UNUSED_FUNCTION = YES;
				GCC_WARN_UNUSED_VARIABLE = YES;
				IPHONEOS_DEPLOYMENT_TARGET = 8.3;
				MTL_ENABLE_DEBUG_INFO = YES;
				ONLY_ACTIVE_ARCH = YES;
				SDKROOT = iphoneos;
			};
			name = Debug;
		};
		6BF22BD11B24C66B0017CA02 /* Release */ = {
			isa = XCBuildConfiguration;
			buildSettings = {
				ALWAYS_SEARCH_USER_PATHS = NO;
				CLANG_CXX_LANGUAGE_STANDARD = "gnu++0x";
				CLANG_CXX_LIBRARY = "libc++";
				CLANG_ENABLE_MODULES = YES;
				CLANG_ENABLE_OBJC_ARC = YES;
				CLANG_WARN_BOOL_CONVERSION = YES;
				CLANG_WARN_CONSTANT_CONVERSION = YES;
				CLANG_WARN_DIRECT_OBJC_ISA_USAGE = YES_ERROR;
				CLANG_WARN_EMPTY_BODY = YES;
				CLANG_WARN_ENUM_CONVERSION = YES;
				CLANG_WARN_INT_CONVERSION = YES;
				CLANG_WARN_OBJC_ROOT_CLASS = YES_ERROR;
				CLANG_WARN_UNREACHABLE_CODE = YES;
				CLANG_WARN__DUPLICATE_METHOD_MATCH = YES;
				"CODE_SIGN_IDENTITY[sdk=iphoneos*]" = "iPhone Developer";
				COPY_PHASE_STRIP = NO;
				DEBUG_INFORMATION_FORMAT = "dwarf-with-dsym";
				ENABLE_NS_ASSERTIONS = NO;
				ENABLE_STRICT_OBJC_MSGSEND = YES;
				GCC_C_LANGUAGE_STANDARD = gnu99;
				GCC_NO_COMMON_BLOCKS = YES;
				GCC_WARN_64_TO_32_BIT_CONVERSION = YES;
				GCC_WARN_ABOUT_RETURN_TYPE = YES_ERROR;
				GCC_WARN_UNDECLARED_SELECTOR = YES;
				GCC_WARN_UNINITIALIZED_AUTOS = YES_AGGRESSIVE;
				GCC_WARN_UNUSED_FUNCTION = YES;
				GCC_WARN_UNUSED_VARIABLE = YES;
				IPHONEOS_DEPLOYMENT_TARGET = 8.3;
				MTL_ENABLE_DEBUG_INFO = NO;
				SDKROOT = iphoneos;
				VALIDATE_PRODUCT = YES;
			};
			name = Release;
		};
		6BF22BD31B24C66B0017CA02 /* Debug */ = {
			isa = XCBuildConfiguration;
			buildSettings = {
				ASSETCATALOG_COMPILER_APPICON_NAME = AppIcon;
				INFOPLIST_FILE = MadLib/Info.plist;
				LD_RUNPATH_SEARCH_PATHS = "$(inherited) @executable_path/Frameworks";
				PRODUCT_NAME = "$(TARGET_NAME)";
			};
			name = Debug;
		};
		6BF22BD41B24C66B0017CA02 /* Release */ = {
			isa = XCBuildConfiguration;
			buildSettings = {
				ASSETCATALOG_COMPILER_APPICON_NAME = AppIcon;
				INFOPLIST_FILE = MadLib/Info.plist;
				LD_RUNPATH_SEARCH_PATHS = "$(inherited) @executable_path/Frameworks";
				PRODUCT_NAME = "$(TARGET_NAME)";
			};
			name = Release;
		};
		6BF22BD61B24C66B0017CA02 /* Debug */ = {
			isa = XCBuildConfiguration;
			buildSettings = {
				BUNDLE_LOADER = "$(TEST_HOST)";
				FRAMEWORK_SEARCH_PATHS = (
					"$(SDKROOT)/Developer/Library/Frameworks",
					"$(inherited)",
				);
				GCC_PREPROCESSOR_DEFINITIONS = (
					"DEBUG=1",
					"$(inherited)",
				);
				INFOPLIST_FILE = MadLibTests/Info.plist;
				LD_RUNPATH_SEARCH_PATHS = "$(inherited) @executable_path/Frameworks @loader_path/Frameworks";
				PRODUCT_NAME = "$(TARGET_NAME)";
				TEST_HOST = "$(BUILT_PRODUCTS_DIR)/MadLib.app/MadLib";
			};
			name = Debug;
		};
		6BF22BD71B24C66B0017CA02 /* Release */ = {
			isa = XCBuildConfiguration;
			buildSettings = {
				BUNDLE_LOADER = "$(TEST_HOST)";
				FRAMEWORK_SEARCH_PATHS = (
					"$(SDKROOT)/Developer/Library/Frameworks",
					"$(inherited)",
				);
				INFOPLIST_FILE = MadLibTests/Info.plist;
				LD_RUNPATH_SEARCH_PATHS = "$(inherited) @executable_path/Frameworks @loader_path/Frameworks";
				PRODUCT_NAME = "$(TARGET_NAME)";
				TEST_HOST = "$(BUILT_PRODUCTS_DIR)/MadLib.app/MadLib";
			};
			name = Release;
		};
/* End XCBuildConfiguration section */

/* Begin XCConfigurationList section */
		6BF22BAA1B24C66B0017CA02 /* Build configuration list for PBXProject "MadLib" */ = {
			isa = XCConfigurationList;
			buildConfigurations = (
				6BF22BD01B24C66B0017CA02 /* Debug */,
				6BF22BD11B24C66B0017CA02 /* Release */,
			);
			defaultConfigurationIsVisible = 0;
			defaultConfigurationName = Release;
		};
		6BF22BD21B24C66B0017CA02 /* Build configuration list for PBXNativeTarget "MadLib" */ = {
			isa = XCConfigurationList;
			buildConfigurations = (
				6BF22BD31B24C66B0017CA02 /* Debug */,
				6BF22BD41B24C66B0017CA02 /* Release */,
			);
			defaultConfigurationIsVisible = 0;
		};
		6BF22BD51B24C66B0017CA02 /* Build configuration list for PBXNativeTarget "MadLibTests" */ = {
			isa = XCConfigurationList;
			buildConfigurations = (
				6BF22BD61B24C66B0017CA02 /* Debug */,
				6BF22BD71B24C66B0017CA02 /* Release */,
			);
			defaultConfigurationIsVisible = 0;
		};
/* End XCConfigurationList section */
	};
	rootObject = 6BF22BA71B24C66B0017CA02 /* Project object */;
}
